Microsoft Visual Studio Solution File, Format Version 12.00
# Visual Studio 2013
VisualStudioVersion = 12.0.30110.0
MinimumVisualStudioVersion = 10.0.40219.1
Project("{2150E333-8FDC-42A3-9474-1A3956D46DE8}") = "Setups", "Setups", "{1D4B925B-6F32-4528-B930-2F8C0B33B818}"
EndProject
Project("{2150E333-8FDC-42A3-9474-1A3956D46DE8}") = "Fastpreview", "Fastpreview", "{D9FBFA4B-CBCD-42CA-B79C-C9DE76B6A435}"
EndProject
Project("{2150E333-8FDC-42A3-9474-1A3956D46DE8}") = "Libraries", "Libraries", "{2CD6E973-5E3B-4F05-955E-720EAF28E3E7}"
EndProject
Project("{8BC9CEB8-8B4A-11D0-8D11-00A0C91BC942}") = "Docs", "Docs\Docs.vcxproj", "{70CBA6BD-D0E4-445C-9610-3CC2B5816044}"
EndProject
Project("{8BC9CEB8-8B4A-11D0-8D11-00A0C91BC942}") = "fastpreview", "fastpreview\fastpreview.vcxproj", "{9822DBB5-729E-4BA7-A5D8-4838E83685E8}"
	ProjectSection(ProjectDependencies) = postProject
		{94F36908-A4E2-4533-939D-64FF6EADA5A1} = {94F36908-A4E2-4533-939D-64FF6EADA5A1}
		{F1A6EA4E-E2F9-4CC0-A3AB-8F6BF92370A3} = {F1A6EA4E-E2F9-4CC0-A3AB-8F6BF92370A3}
		{100E5B82-6D4D-490C-AD42-5908F72F4BCC} = {100E5B82-6D4D-490C-AD42-5908F72F4BCC}
		{B39ED2B3-D53A-4077-B957-930979A3577D} = {B39ED2B3-D53A-4077-B957-930979A3577D}
		{AB6F4EF3-E433-4419-A981-D5ADFC7E7047} = {AB6F4EF3-E433-4419-A981-D5ADFC7E7047}
	EndProjectSection
EndProject
Project("{8BC9CEB8-8B4A-11D0-8D11-00A0C91BC942}") = "fpext", "fpext\fpext.vcxproj", "{F1A6EA4E-E2F9-4CC0-A3AB-8F6BF92370A3}"
	ProjectSection(ProjectDependencies) = postProject
		{94F36908-A4E2-4533-939D-64FF6EADA5A1} = {94F36908-A4E2-4533-939D-64FF6EADA5A1}
		{B585F62E-10E9-4883-AEB8-EAB9E5518671} = {B585F62E-10E9-4883-AEB8-EAB9E5518671}
		{C5BB1536-3776-4474-861D-B5923C610FE4} = {C5BB1536-3776-4474-861D-B5923C610FE4}
		{100E5B82-6D4D-490C-AD42-5908F72F4BCC} = {100E5B82-6D4D-490C-AD42-5908F72F4BCC}
		{B39ED2B3-D53A-4077-B957-930979A3577D} = {B39ED2B3-D53A-4077-B957-930979A3577D}
		{AB6F4EF3-E433-4419-A981-D5ADFC7E7047} = {AB6F4EF3-E433-4419-A981-D5ADFC7E7047}
	EndProjectSection
EndProject
Project("{8BC9CEB8-8B4A-11D0-8D11-00A0C91BC942}") = "libRegistry", "libRegistry\libRegistry.vcxproj", "{100E5B82-6D4D-490C-AD42-5908F72F4BCC}"
EndProject
Project("{8BC9CEB8-8B4A-11D0-8D11-00A0C91BC942}") = "libShared", "libShared\libShared.vcxproj", "{AB6F4EF3-E433-4419-A981-D5ADFC7E7047}"
EndProject
Project("{8BC9CEB8-8B4A-11D0-8D11-00A0C91BC942}") = "TinyXMP", "TinyXMP\TinyXMP.vcxproj", "{B585F62E-10E9-4883-AEB8-EAB9E5518671}"
	ProjectSection(ProjectDependencies) = postProject
		{C5BB1536-3776-4474-861D-B5923C610FE4} = {C5BB1536-3776-4474-861D-B5923C610FE4}
	EndProjectSection
EndProject
Project("{8BC9CEB8-8B4A-11D0-8D11-00A0C91BC942}") = "XMPSDK", "XMPSDK\XMPSDK.vcxproj", "{C5BB1536-3776-4474-861D-B5923C610FE4}"
EndProject
Project("{8BC9CEB8-8B4A-11D0-8D11-00A0C91BC942}") = "ZLib", "FreeImage\Source\ZLib\ZLib.2008.vcxproj", "{33134F61-C1AD-4B6F-9CEA-503A9F140C52}"
EndProject
Project("{8BC9CEB8-8B4A-11D0-8D11-00A0C91BC942}") = "LibWebP", "FreeImage\Source\LibWebP\LibWebP.2008.vcxproj", "{097D9F6C-FD0E-4CBC-9676-009012AAECA8}"
EndProject
Project("{8BC9CEB8-8B4A-11D0-8D11-00A0C91BC942}") = "LibTIFF4", "FreeImage\Source\LibTIFF4\LibTIFF4.2008.vcxproj", "{EC085CBD-E9C3-477F-9A97-CB9D5DA30E27}"
EndProject
Project("{8BC9CEB8-8B4A-11D0-8D11-00A0C91BC942}") = "LibPNG", "FreeImage\Source\LibPNG\LibPNG.2008.vcxproj", "{7DB10B50-CE00-4D7A-B322-6824F05D2FCB}"
	ProjectSection(ProjectDependencies) = postProject
		{33134F61-C1AD-4B6F-9CEA-503A9F140C52} = {33134F61-C1AD-4B6F-9CEA-503A9F140C52}
	EndProjectSection
EndProject
Project("{8BC9CEB8-8B4A-11D0-8D11-00A0C91BC942}") = "LibJPEG", "FreeImage\Source\LibJPEG\LibJPEG.2008.vcxproj", "{5E1D4E5F-E10C-4BA3-B663-F33014FD21D9}"
EndProject
Project("{8BC9CEB8-8B4A-11D0-8D11-00A0C91BC942}") = "FreeImage", "FreeImage\FreeImage.2008.vcxproj", "{B39ED2B3-D53A-4077-B957-930979A3577D}"
	ProjectSection(ProjectDependencies) = postProject
		{7DB10B50-CE00-4D7A-B322-6824F05D2FCB} = {7DB10B50-CE00-4D7A-B322-6824F05D2FCB}
		{5E1D4E5F-E10C-4BA3-B663-F33014FD21D9} = {5E1D4E5F-E10C-4BA3-B663-F33014FD21D9}
		{33134F61-C1AD-4B6F-9CEA-503A9F140C52} = {33134F61-C1AD-4B6F-9CEA-503A9F140C52}
		{097D9F6C-FD0E-4CBC-9676-009012AAECA8} = {097D9F6C-FD0E-4CBC-9676-009012AAECA8}
		{EC085CBD-E9C3-477F-9A97-CB9D5DA30E27} = {EC085CBD-E9C3-477F-9A97-CB9D5DA30E27}
	EndProjectSection
EndProject
Project("{8BC9CEB8-8B4A-11D0-8D11-00A0C91BC942}") = "FreeImagePlus", "FreeImage\Wrapper\FreeImagePlus\FreeImagePlus.2008.vcxproj", "{94F36908-A4E2-4533-939D-64FF6EADA5A1}"
	ProjectSection(ProjectDependencies) = postProject
		{B39ED2B3-D53A-4077-B957-930979A3577D} = {B39ED2B3-D53A-4077-B957-930979A3577D}
	EndProjectSection
EndProject
Project("{54435603-DBB4-11D2-8724-00A0C9A8B90C}") = "Setup_x64", "Setup\Setup_x64.vdproj", "{0D8DBCAE-6EEE-48DB-99AB-DC3286C25FAC}"
EndProject
Project("{54435603-DBB4-11D2-8724-00A0C9A8B90C}") = "Setup_x86", "Setup\Setup_x86.vdproj", "{520E1444-B33D-4595-B6DB-8E3654C34790}"
EndProject
Global
	GlobalSection(SolutionConfigurationPlatforms) = preSolution
		Debug|Win32 = Debug|Win32
		Debug|x64 = Debug|x64
		Release|Win32 = Release|Win32
		Release|x64 = Release|x64
		Setup|Win32 = Setup|Win32
		Setup|x64 = Setup|x64
		WOW|Win32 = WOW|Win32
		WOW|x64 = WOW|x64
	EndGlobalSection
	GlobalSection(ProjectConfigurationPlatforms) = postSolution
		{70CBA6BD-D0E4-445C-9610-3CC2B5816044}.Debug|Win32.ActiveCfg = Release|Win32
		{70CBA6BD-D0E4-445C-9610-3CC2B5816044}.Debug|x64.ActiveCfg = Release|Win32
		{70CBA6BD-D0E4-445C-9610-3CC2B5816044}.Release|Win32.ActiveCfg = Release|Win32
		{70CBA6BD-D0E4-445C-9610-3CC2B5816044}.Release|x64.ActiveCfg = Release|Win32
		{70CBA6BD-D0E4-445C-9610-3CC2B5816044}.Setup|Win32.ActiveCfg = Release|Win32
		{70CBA6BD-D0E4-445C-9610-3CC2B5816044}.Setup|x64.ActiveCfg = Release|Win32
		{70CBA6BD-D0E4-445C-9610-3CC2B5816044}.WOW|Win32.ActiveCfg = Release|Win32
		{70CBA6BD-D0E4-445C-9610-3CC2B5816044}.WOW|x64.ActiveCfg = Release|Win32
		{9822DBB5-729E-4BA7-A5D8-4838E83685E8}.Debug|Win32.ActiveCfg = Debug|Win32
		{9822DBB5-729E-4BA7-A5D8-4838E83685E8}.Debug|Win32.Build.0 = Debug|Win32
		{9822DBB5-729E-4BA7-A5D8-4838E83685E8}.Debug|x64.ActiveCfg = Debug|x64
		{9822DBB5-729E-4BA7-A5D8-4838E83685E8}.Debug|x64.Build.0 = Debug|x64
		{9822DBB5-729E-4BA7-A5D8-4838E83685E8}.Release|Win32.ActiveCfg = Release|Win32
		{9822DBB5-729E-4BA7-A5D8-4838E83685E8}.Release|Win32.Build.0 = Release|Win32
		{9822DBB5-729E-4BA7-A5D8-4838E83685E8}.Release|x64.ActiveCfg = Release|x64
		{9822DBB5-729E-4BA7-A5D8-4838E83685E8}.Release|x64.Build.0 = Release|x64
		{9822DBB5-729E-4BA7-A5D8-4838E83685E8}.Setup|Win32.ActiveCfg = Release|Win32
		{9822DBB5-729E-4BA7-A5D8-4838E83685E8}.Setup|x64.ActiveCfg = WOW|x64
		{9822DBB5-729E-4BA7-A5D8-4838E83685E8}.WOW|Win32.ActiveCfg = WOW|Win32
		{9822DBB5-729E-4BA7-A5D8-4838E83685E8}.WOW|x64.ActiveCfg = WOW|Win32
		{9822DBB5-729E-4BA7-A5D8-4838E83685E8}.WOW|x64.Build.0 = WOW|Win32
		{F1A6EA4E-E2F9-4CC0-A3AB-8F6BF92370A3}.Debug|Win32.ActiveCfg = Debug|Win32
		{F1A6EA4E-E2F9-4CC0-A3AB-8F6BF92370A3}.Debug|Win32.Build.0 = Debug|Win32
		{F1A6EA4E-E2F9-4CC0-A3AB-8F6BF92370A3}.Debug|x64.ActiveCfg = Debug|x64
		{F1A6EA4E-E2F9-4CC0-A3AB-8F6BF92370A3}.Debug|x64.Build.0 = Debug|x64
		{F1A6EA4E-E2F9-4CC0-A3AB-8F6BF92370A3}.Release|Win32.ActiveCfg = Release|Win32
		{F1A6EA4E-E2F9-4CC0-A3AB-8F6BF92370A3}.Release|Win32.Build.0 = Release|Win32
		{F1A6EA4E-E2F9-4CC0-A3AB-8F6BF92370A3}.Release|x64.ActiveCfg = Release|x64
		{F1A6EA4E-E2F9-4CC0-A3AB-8F6BF92370A3}.Release|x64.Build.0 = Release|x64
		{F1A6EA4E-E2F9-4CC0-A3AB-8F6BF92370A3}.Setup|Win32.ActiveCfg = Release|Win32
		{F1A6EA4E-E2F9-4CC0-A3AB-8F6BF92370A3}.Setup|x64.ActiveCfg = Release|x64
		{F1A6EA4E-E2F9-4CC0-A3AB-8F6BF92370A3}.WOW|Win32.ActiveCfg = WOW|Win32
		{F1A6EA4E-E2F9-4CC0-A3AB-8F6BF92370A3}.WOW|Win32.Build.0 = WOW|Win32
		{F1A6EA4E-E2F9-4CC0-A3AB-8F6BF92370A3}.WOW|x64.ActiveCfg = WOW|Win32
		{F1A6EA4E-E2F9-4CC0-A3AB-8F6BF92370A3}.WOW|x64.Build.0 = WOW|Win32
		{100E5B82-6D4D-490C-AD42-5908F72F4BCC}.Debug|Win32.ActiveCfg = Debug|Win32
		{100E5B82-6D4D-490C-AD42-5908F72F4BCC}.Debug|Win32.Build.0 = Debug|Win32
		{100E5B82-6D4D-490C-AD42-5908F72F4BCC}.Debug|x64.ActiveCfg = Debug|x64
		{100E5B82-6D4D-490C-AD42-5908F72F4BCC}.Debug|x64.Build.0 = Debug|x64
		{100E5B82-6D4D-490C-AD42-5908F72F4BCC}.Release|Win32.ActiveCfg = Release|Win32
		{100E5B82-6D4D-490C-AD42-5908F72F4BCC}.Release|Win32.Build.0 = Release|Win32
		{100E5B82-6D4D-490C-AD42-5908F72F4BCC}.Release|Win32.Deploy.0 = Release|Win32
		{100E5B82-6D4D-490C-AD42-5908F72F4BCC}.Release|x64.ActiveCfg = Release|x64
		{100E5B82-6D4D-490C-AD42-5908F72F4BCC}.Release|x64.Build.0 = Release|x64
		{100E5B82-6D4D-490C-AD42-5908F72F4BCC}.Setup|Win32.ActiveCfg = Release|Win32
		{100E5B82-6D4D-490C-AD42-5908F72F4BCC}.Setup|x64.ActiveCfg = WOW|x64
		{100E5B82-6D4D-490C-AD42-5908F72F4BCC}.WOW|Win32.ActiveCfg = WOW|Win32
		{100E5B82-6D4D-490C-AD42-5908F72F4BCC}.WOW|Win32.Build.0 = WOW|Win32
		{100E5B82-6D4D-490C-AD42-5908F72F4BCC}.WOW|x64.ActiveCfg = WOW|Win32
		{100E5B82-6D4D-490C-AD42-5908F72F4BCC}.WOW|x64.Build.0 = WOW|Win32
		{AB6F4EF3-E433-4419-A981-D5ADFC7E7047}.Debug|Win32.ActiveCfg = Debug|Win32
		{AB6F4EF3-E433-4419-A981-D5ADFC7E7047}.Debug|Win32.Build.0 = Debug|Win32
		{AB6F4EF3-E433-4419-A981-D5ADFC7E7047}.Debug|x64.ActiveCfg = Debug|x64
		{AB6F4EF3-E433-4419-A981-D5ADFC7E7047}.Debug|x64.Build.0 = Debug|x64
		{AB6F4EF3-E433-4419-A981-D5ADFC7E7047}.Release|Win32.ActiveCfg = Release|Win32
		{AB6F4EF3-E433-4419-A981-D5ADFC7E7047}.Release|Win32.Build.0 = Release|Win32
		{AB6F4EF3-E433-4419-A981-D5ADFC7E7047}.Release|x64.ActiveCfg = Release|x64
		{AB6F4EF3-E433-4419-A981-D5ADFC7E7047}.Release|x64.Build.0 = Release|x64
		{AB6F4EF3-E433-4419-A981-D5ADFC7E7047}.Setup|Win32.ActiveCfg = Release|Win32
		{AB6F4EF3-E433-4419-A981-D5ADFC7E7047}.Setup|x64.ActiveCfg = WOW|x64
		{AB6F4EF3-E433-4419-A981-D5ADFC7E7047}.WOW|Win32.ActiveCfg = WOW|Win32
		{AB6F4EF3-E433-4419-A981-D5ADFC7E7047}.WOW|Win32.Build.0 = WOW|Win32
		{AB6F4EF3-E433-4419-A981-D5ADFC7E7047}.WOW|x64.ActiveCfg = WOW|Win32
		{AB6F4EF3-E433-4419-A981-D5ADFC7E7047}.WOW|x64.Build.0 = WOW|Win32
		{B585F62E-10E9-4883-AEB8-EAB9E5518671}.Debug|Win32.ActiveCfg = Debug|Win32
		{B585F62E-10E9-4883-AEB8-EAB9E5518671}.Debug|Win32.Build.0 = Debug|Win32
		{B585F62E-10E9-4883-AEB8-EAB9E5518671}.Debug|x64.ActiveCfg = Debug|x64
		{B585F62E-10E9-4883-AEB8-EAB9E5518671}.Debug|x64.Build.0 = Debug|x64
		{B585F62E-10E9-4883-AEB8-EAB9E5518671}.Release|Win32.ActiveCfg = Release|Win32
		{B585F62E-10E9-4883-AEB8-EAB9E5518671}.Release|Win32.Build.0 = Release|Win32
		{B585F62E-10E9-4883-AEB8-EAB9E5518671}.Release|x64.ActiveCfg = Release|x64
		{B585F62E-10E9-4883-AEB8-EAB9E5518671}.Release|x64.Build.0 = Release|x64
		{B585F62E-10E9-4883-AEB8-EAB9E5518671}.Setup|Win32.ActiveCfg = Release|Win32
		{B585F62E-10E9-4883-AEB8-EAB9E5518671}.Setup|x64.ActiveCfg = WOW|x64
		{B585F62E-10E9-4883-AEB8-EAB9E5518671}.WOW|Win32.ActiveCfg = WOW|Win32
		{B585F62E-10E9-4883-AEB8-EAB9E5518671}.WOW|Win32.Build.0 = WOW|Win32
		{B585F62E-10E9-4883-AEB8-EAB9E5518671}.WOW|Win32.Deploy.0 = WOW|Win32
		{B585F62E-10E9-4883-AEB8-EAB9E5518671}.WOW|x64.ActiveCfg = WOW|Win32
		{B585F62E-10E9-4883-AEB8-EAB9E5518671}.WOW|x64.Build.0 = WOW|Win32
		{C5BB1536-3776-4474-861D-B5923C610FE4}.Debug|Win32.ActiveCfg = Debug|Win32
		{C5BB1536-3776-4474-861D-B5923C610FE4}.Debug|Win32.Build.0 = Debug|Win32
		{C5BB1536-3776-4474-861D-B5923C610FE4}.Debug|x64.ActiveCfg = Debug|x64
		{C5BB1536-3776-4474-861D-B5923C610FE4}.Debug|x64.Build.0 = Debug|x64
		{C5BB1536-3776-4474-861D-B5923C610FE4}.Release|Win32.ActiveCfg = Release|Win32
		{C5BB1536-3776-4474-861D-B5923C610FE4}.Release|Win32.Build.0 = Release|Win32
		{C5BB1536-3776-4474-861D-B5923C610FE4}.Release|x64.ActiveCfg = Release|x64
		{C5BB1536-3776-4474-861D-B5923C610FE4}.Release|x64.Build.0 = Release|x64
		{C5BB1536-3776-4474-861D-B5923C610FE4}.Setup|Win32.ActiveCfg = Debug|Win32
		{C5BB1536-3776-4474-861D-B5923C610FE4}.Setup|x64.ActiveCfg = Debug|Win32
		{C5BB1536-3776-4474-861D-B5923C610FE4}.WOW|Win32.ActiveCfg = WOW|Win32
		{C5BB1536-3776-4474-861D-B5923C610FE4}.WOW|Win32.Build.0 = WOW|Win32
		{C5BB1536-3776-4474-861D-B5923C610FE4}.WOW|x64.ActiveCfg = WOW|Win32
		{C5BB1536-3776-4474-861D-B5923C610FE4}.WOW|x64.Build.0 = WOW|Win32
		{33134F61-C1AD-4B6F-9CEA-503A9F140C52}.Debug|Win32.ActiveCfg = Debug|Win32
		{33134F61-C1AD-4B6F-9CEA-503A9F140C52}.Debug|Win32.Build.0 = Debug|Win32
		{33134F61-C1AD-4B6F-9CEA-503A9F140C52}.Debug|x64.ActiveCfg = Debug|x64
		{33134F61-C1AD-4B6F-9CEA-503A9F140C52}.Debug|x64.Build.0 = Debug|x64
		{33134F61-C1AD-4B6F-9CEA-503A9F140C52}.Release|Win32.ActiveCfg = Release|Win32
		{33134F61-C1AD-4B6F-9CEA-503A9F140C52}.Release|Win32.Build.0 = Release|Win32
		{33134F61-C1AD-4B6F-9CEA-503A9F140C52}.Release|x64.ActiveCfg = Release|x64
		{33134F61-C1AD-4B6F-9CEA-503A9F140C52}.Release|x64.Build.0 = Release|x64
		{33134F61-C1AD-4B6F-9CEA-503A9F140C52}.Setup|Win32.ActiveCfg = Release|Win32
		{33134F61-C1AD-4B6F-9CEA-503A9F140C52}.Setup|x64.ActiveCfg = Release|x64
		{33134F61-C1AD-4B6F-9CEA-503A9F140C52}.WOW|Win32.ActiveCfg = WOW|Win32
		{33134F61-C1AD-4B6F-9CEA-503A9F140C52}.WOW|Win32.Build.0 = WOW|Win32
		{33134F61-C1AD-4B6F-9CEA-503A9F140C52}.WOW|x64.ActiveCfg = WOW|Win32
		{33134F61-C1AD-4B6F-9CEA-503A9F140C52}.WOW|x64.Build.0 = WOW|Win32
		{097D9F6C-FD0E-4CBC-9676-009012AAECA8}.Debug|Win32.ActiveCfg = Debug|Win32
		{097D9F6C-FD0E-4CBC-9676-009012AAECA8}.Debug|Win32.Build.0 = Debug|Win32
		{097D9F6C-FD0E-4CBC-9676-009012AAECA8}.Debug|x64.ActiveCfg = Debug|x64
		{097D9F6C-FD0E-4CBC-9676-009012AAECA8}.Debug|x64.Build.0 = Debug|x64
		{097D9F6C-FD0E-4CBC-9676-009012AAECA8}.Release|Win32.ActiveCfg = Release|Win32
		{097D9F6C-FD0E-4CBC-9676-009012AAECA8}.Release|Win32.Build.0 = Release|Win32
		{097D9F6C-FD0E-4CBC-9676-009012AAECA8}.Release|x64.ActiveCfg = Release|x64
		{097D9F6C-FD0E-4CBC-9676-009012AAECA8}.Release|x64.Build.0 = Release|x64
		{097D9F6C-FD0E-4CBC-9676-009012AAECA8}.Setup|Win32.ActiveCfg = Release|Win32
		{097D9F6C-FD0E-4CBC-9676-009012AAECA8}.Setup|x64.ActiveCfg = Release|x64
		{097D9F6C-FD0E-4CBC-9676-009012AAECA8}.WOW|Win32.ActiveCfg = WOW|Win32
		{097D9F6C-FD0E-4CBC-9676-009012AAECA8}.WOW|Win32.Build.0 = WOW|Win32
		{097D9F6C-FD0E-4CBC-9676-009012AAECA8}.WOW|Win32.Deploy.0 = WOW|Win32
		{097D9F6C-FD0E-4CBC-9676-009012AAECA8}.WOW|x64.ActiveCfg = WOW|Win32
		{097D9F6C-FD0E-4CBC-9676-009012AAECA8}.WOW|x64.Build.0 = WOW|Win32
		{EC085CBD-E9C3-477F-9A97-CB9D5DA30E27}.Debug|Win32.ActiveCfg = Debug|Win32
		{EC085CBD-E9C3-477F-9A97-CB9D5DA30E27}.Debug|Win32.Build.0 = Debug|Win32
		{EC085CBD-E9C3-477F-9A97-CB9D5DA30E27}.Debug|x64.ActiveCfg = Debug|x64
		{EC085CBD-E9C3-477F-9A97-CB9D5DA30E27}.Debug|x64.Build.0 = Debug|x64
		{EC085CBD-E9C3-477F-9A97-CB9D5DA30E27}.Release|Win32.ActiveCfg = Release|Win32
		{EC085CBD-E9C3-477F-9A97-CB9D5DA30E27}.Release|Win32.Build.0 = Release|Win32
		{EC085CBD-E9C3-477F-9A97-CB9D5DA30E27}.Release|x64.ActiveCfg = Release|x64
		{EC085CBD-E9C3-477F-9A97-CB9D5DA30E27}.Release|x64.Build.0 = Release|x64
		{EC085CBD-E9C3-477F-9A97-CB9D5DA30E27}.Setup|Win32.ActiveCfg = Release|Win32
		{EC085CBD-E9C3-477F-9A97-CB9D5DA30E27}.Setup|x64.ActiveCfg = Release|x64
		{EC085CBD-E9C3-477F-9A97-CB9D5DA30E27}.WOW|Win32.ActiveCfg = WOW|Win32
		{EC085CBD-E9C3-477F-9A97-CB9D5DA30E27}.WOW|Win32.Build.0 = WOW|Win32
		{EC085CBD-E9C3-477F-9A97-CB9D5DA30E27}.WOW|x64.ActiveCfg = WOW|Win32
		{EC085CBD-E9C3-477F-9A97-CB9D5DA30E27}.WOW|x64.Build.0 = WOW|Win32
		{7DB10B50-CE00-4D7A-B322-6824F05D2FCB}.Debug|Win32.ActiveCfg = Debug|Win32
		{7DB10B50-CE00-4D7A-B322-6824F05D2FCB}.Debug|Win32.Build.0 = Debug|Win32
		{7DB10B50-CE00-4D7A-B322-6824F05D2FCB}.Debug|x64.ActiveCfg = Debug|x64
		{7DB10B50-CE00-4D7A-B322-6824F05D2FCB}.Debug|x64.Build.0 = Debug|x64
		{7DB10B50-CE00-4D7A-B322-6824F05D2FCB}.Release|Win32.ActiveCfg = Release|Win32
		{7DB10B50-CE00-4D7A-B322-6824F05D2FCB}.Release|Win32.Build.0 = Release|Win32
		{7DB10B50-CE00-4D7A-B322-6824F05D2FCB}.Release|x64.ActiveCfg = Release|x64
		{7DB10B50-CE00-4D7A-B322-6824F05D2FCB}.Release|x64.Build.0 = Release|x64
		{7DB10B50-CE00-4D7A-B322-6824F05D2FCB}.Setup|Win32.ActiveCfg = Release|Win32
		{7DB10B50-CE00-4D7A-B322-6824F05D2FCB}.Setup|x64.ActiveCfg = Release|x64
		{7DB10B50-CE00-4D7A-B322-6824F05D2FCB}.WOW|Win32.ActiveCfg = WOW|Win32
		{7DB10B50-CE00-4D7A-B322-6824F05D2FCB}.WOW|Win32.Build.0 = WOW|Win32
		{7DB10B50-CE00-4D7A-B322-6824F05D2FCB}.WOW|x64.ActiveCfg = WOW|Win32
		{7DB10B50-CE00-4D7A-B322-6824F05D2FCB}.WOW|x64.Build.0 = WOW|Win32
		{5E1D4E5F-E10C-4BA3-B663-F33014FD21D9}.Debug|Win32.ActiveCfg = Debug|Win32
		{5E1D4E5F-E10C-4BA3-B663-F33014FD21D9}.Debug|Win32.Build.0 = Debug|Win32
		{5E1D4E5F-E10C-4BA3-B663-F33014FD21D9}.Debug|x64.ActiveCfg = Debug|x64
		{5E1D4E5F-E10C-4BA3-B663-F33014FD21D9}.Debug|x64.Build.0 = Debug|x64
		{5E1D4E5F-E10C-4BA3-B663-F33014FD21D9}.Release|Win32.ActiveCfg = Release|Win32
		{5E1D4E5F-E10C-4BA3-B663-F33014FD21D9}.Release|Win32.Build.0 = Release|Win32
		{5E1D4E5F-E10C-4BA3-B663-F33014FD21D9}.Release|x64.ActiveCfg = Release|x64
		{5E1D4E5F-E10C-4BA3-B663-F33014FD21D9}.Release|x64.Build.0 = Release|x64
		{5E1D4E5F-E10C-4BA3-B663-F33014FD21D9}.Setup|Win32.ActiveCfg = Release|Win32
		{5E1D4E5F-E10C-4BA3-B663-F33014FD21D9}.Setup|x64.ActiveCfg = Release|x64
		{5E1D4E5F-E10C-4BA3-B663-F33014FD21D9}.WOW|Win32.ActiveCfg = WOW|Win32
		{5E1D4E5F-E10C-4BA3-B663-F33014FD21D9}.WOW|Win32.Build.0 = WOW|Win32
		{5E1D4E5F-E10C-4BA3-B663-F33014FD21D9}.WOW|x64.ActiveCfg = WOW|Win32
		{5E1D4E5F-E10C-4BA3-B663-F33014FD21D9}.WOW|x64.Build.0 = WOW|Win32
		{B39ED2B3-D53A-4077-B957-930979A3577D}.Debug|Win32.ActiveCfg = Debug|Win32
		{B39ED2B3-D53A-4077-B957-930979A3577D}.Debug|Win32.Build.0 = Debug|Win32
		{B39ED2B3-D53A-4077-B957-930979A3577D}.Debug|x64.ActiveCfg = Debug|x64
		{B39ED2B3-D53A-4077-B957-930979A3577D}.Debug|x64.Build.0 = Debug|x64
		{B39ED2B3-D53A-4077-B957-930979A3577D}.Release|Win32.ActiveCfg = Release|Win32
		{B39ED2B3-D53A-4077-B957-930979A3577D}.Release|Win32.Build.0 = Release|Win32
		{B39ED2B3-D53A-4077-B957-930979A3577D}.Release|x64.ActiveCfg = Release|x64
		{B39ED2B3-D53A-4077-B957-930979A3577D}.Release|x64.Build.0 = Release|x64
		{B39ED2B3-D53A-4077-B957-930979A3577D}.Setup|Win32.ActiveCfg = Release|Win32
		{B39ED2B3-D53A-4077-B957-930979A3577D}.Setup|x64.ActiveCfg = Release|x64
		{B39ED2B3-D53A-4077-B957-930979A3577D}.WOW|Win32.ActiveCfg = WOW|Win32
		{B39ED2B3-D53A-4077-B957-930979A3577D}.WOW|Win32.Build.0 = WOW|Win32
		{B39ED2B3-D53A-4077-B957-930979A3577D}.WOW|x64.ActiveCfg = WOW|Win32
		{B39ED2B3-D53A-4077-B957-930979A3577D}.WOW|x64.Build.0 = WOW|Win32
		{94F36908-A4E2-4533-939D-64FF6EADA5A1}.Debug|Win32.ActiveCfg = Debug|Win32
		{94F36908-A4E2-4533-939D-64FF6EADA5A1}.Debug|Win32.Build.0 = Debug|Win32
		{94F36908-A4E2-4533-939D-64FF6EADA5A1}.Debug|x64.ActiveCfg = Debug|x64
		{94F36908-A4E2-4533-939D-64FF6EADA5A1}.Debug|x64.Build.0 = Debug|x64
		{94F36908-A4E2-4533-939D-64FF6EADA5A1}.Release|Win32.ActiveCfg = Release|Win32
		{94F36908-A4E2-4533-939D-64FF6EADA5A1}.Release|Win32.Build.0 = Release|Win32
		{94F36908-A4E2-4533-939D-64FF6EADA5A1}.Release|x64.ActiveCfg = Release|x64
		{94F36908-A4E2-4533-939D-64FF6EADA5A1}.Release|x64.Build.0 = Release|x64
		{94F36908-A4E2-4533-939D-64FF6EADA5A1}.Setup|Win32.ActiveCfg = Release|Win32
		{94F36908-A4E2-4533-939D-64FF6EADA5A1}.Setup|x64.ActiveCfg = Release|x64
		{94F36908-A4E2-4533-939D-64FF6EADA5A1}.WOW|Win32.ActiveCfg = WOW|Win32
		{94F36908-A4E2-4533-939D-64FF6EADA5A1}.WOW|Win32.Build.0 = WOW|Win32
		{94F36908-A4E2-4533-939D-64FF6EADA5A1}.WOW|x64.ActiveCfg = WOW|Win32
		{94F36908-A4E2-4533-939D-64FF6EADA5A1}.WOW|x64.Build.0 = WOW|Win32
		{0D8DBCAE-6EEE-48DB-99AB-DC3286C25FAC}.Debug|Win32.ActiveCfg = Setup
		{0D8DBCAE-6EEE-48DB-99AB-DC3286C25FAC}.Debug|x64.ActiveCfg = Setup
		{0D8DBCAE-6EEE-48DB-99AB-DC3286C25FAC}.Release|Win32.ActiveCfg = Setup
		{0D8DBCAE-6EEE-48DB-99AB-DC3286C25FAC}.Release|x64.ActiveCfg = Setup
		{0D8DBCAE-6EEE-48DB-99AB-DC3286C25FAC}.Release|x64.Deploy.0 = Setup
		{0D8DBCAE-6EEE-48DB-99AB-DC3286C25FAC}.Setup|Win32.ActiveCfg = Setup
		{0D8DBCAE-6EEE-48DB-99AB-DC3286C25FAC}.Setup|Win32.Build.0 = Setup
		{0D8DBCAE-6EEE-48DB-99AB-DC3286C25FAC}.Setup|x64.ActiveCfg = Setup
		{0D8DBCAE-6EEE-48DB-99AB-DC3286C25FAC}.Setup|x64.Build.0 = Setup
		{0D8DBCAE-6EEE-48DB-99AB-DC3286C25FAC}.WOW|Win32.ActiveCfg = Setup
		{0D8DBCAE-6EEE-48DB-99AB-DC3286C25FAC}.WOW|x64.ActiveCfg = Setup
		{520E1444-B33D-4595-B6DB-8E3654C34790}.Debug|Win32.ActiveCfg = Setup
		{520E1444-B33D-4595-B6DB-8E3654C34790}.Debug|x64.ActiveCfg = Setup
		{520E1444-B33D-4595-B6DB-8E3654C34790}.Release|Win32.ActiveCfg = Setup
		{520E1444-B33D-4595-B6DB-8E3654C34790}.Release|x64.ActiveCfg = Setup
		{520E1444-B33D-4595-B6DB-8E3654C34790}.Setup|Win32.ActiveCfg = Setup
		{520E1444-B33D-4595-B6DB-8E3654C34790}.Setup|Win32.Build.0 = Setup
		{520E1444-B33D-4595-B6DB-8E3654C34790}.Setup|x64.ActiveCfg = Setup
		{520E1444-B33D-4595-B6DB-8E3654C34790}.Setup|x64.Build.0 = Setup
		{520E1444-B33D-4595-B6DB-8E3654C34790}.WOW|Win32.ActiveCfg = Setup
		{520E1444-B33D-4595-B6DB-8E3654C34790}.WOW|x64.ActiveCfg = Setup
	EndGlobalSection
	GlobalSection(SolutionProperties) = preSolution
		HideSolutionNode = FALSE
	EndGlobalSection
	GlobalSection(NestedProjects) = preSolution
		{70CBA6BD-D0E4-445C-9610-3CC2B5816044} = {1D4B925B-6F32-4528-B930-2F8C0B33B818}
		{0D8DBCAE-6EEE-48DB-99AB-DC3286C25FAC} = {1D4B925B-6F32-4528-B930-2F8C0B33B818}
		{520E1444-B33D-4595-B6DB-8E3654C34790} = {1D4B925B-6F32-4528-B930-2F8C0B33B818}
		{9822DBB5-729E-4BA7-A5D8-4838E83685E8} = {D9FBFA4B-CBCD-42CA-B79C-C9DE76B6A435}
		{F1A6EA4E-E2F9-4CC0-A3AB-8F6BF92370A3} = {D9FBFA4B-CBCD-42CA-B79C-C9DE76B6A435}
		{100E5B82-6D4D-490C-AD42-5908F72F4BCC} = {2CD6E973-5E3B-4F05-955E-720EAF28E3E7}
		{AB6F4EF3-E433-4419-A981-D5ADFC7E7047} = {2CD6E973-5E3B-4F05-955E-720EAF28E3E7}
		{B585F62E-10E9-4883-AEB8-EAB9E5518671} = {2CD6E973-5E3B-4F05-955E-720EAF28E3E7}
		{C5BB1536-3776-4474-861D-B5923C610FE4} = {2CD6E973-5E3B-4F05-955E-720EAF28E3E7}
		{33134F61-C1AD-4B6F-9CEA-503A9F140C52} = {2CD6E973-5E3B-4F05-955E-720EAF28E3E7}
		{097D9F6C-FD0E-4CBC-9676-009012AAECA8} = {2CD6E973-5E3B-4F05-955E-720EAF28E3E7}
		{EC085CBD-E9C3-477F-9A97-CB9D5DA30E27} = {2CD6E973-5E3B-4F05-955E-720EAF28E3E7}
		{7DB10B50-CE00-4D7A-B322-6824F05D2FCB} = {2CD6E973-5E3B-4F05-955E-720EAF28E3E7}
		{5E1D4E5F-E10C-4BA3-B663-F33014FD21D9} = {2CD6E973-5E3B-4F05-955E-720EAF28E3E7}
		{B39ED2B3-D53A-4077-B957-930979A3577D} = {2CD6E973-5E3B-4F05-955E-720EAF28E3E7}
		{94F36908-A4E2-4533-939D-64FF6EADA5A1} = {2CD6E973-5E3B-4F05-955E-720EAF28E3E7}
	EndGlobalSection
EndGlobal
